# generated by rye
# use `rye lock` or `rye sync` to update this lockfile
#
# last locked with the following flags:
#   pre: false
#   features: []
#   all-features: false
#   with-sources: false
#   generate-hashes: false
#   universal: false

-e file:.
certifi==2025.4.26
    # via requests
charset-normalizer==3.4.2
    # via requests
click==8.2.1
    # via dotfiles
idna==3.10
    # via requests
mypy==1.16.0
mypy-extensions==1.1.0
    # via mypy
pathspec==0.12.1
    # via mypy
psutil==7.0.0
    # via dotfiles
requests==2.32.3
    # via dotfiles
ruff==0.11.12
types-psutil==7.0.0.20250601
    # via dotfiles
types-requests==2.32.0.20250515
typing-extensions==4.13.2
    # via mypy
urllib3==2.4.0
    # via requests
    # via types-requests
